// !$*UTF8*$!
{
	archiveVersion = 1;
	classes = {
	};
	objectVersion = 46;
	objects = {

/* Begin PBXBuildFile section */
		45A8B43D1927D14800013B83 /* TTUserData.m in Sources */ = {isa = PBXBuildFile; fileRef = 45A8B43C1927D14800013B83 /* TTUserData.m */; };
		45A8B4401927D1FC00013B83 /* RMSQLite3.m in Sources */ = {isa = PBXBuildFile; fileRef = 45A8B43F1927D1FC00013B83 /* RMSQLite3.m */; };
		45A8B4421927D20800013B83 /* libsqlite3.0.dylib in Frameworks */ = {isa = PBXBuildFile; fileRef = 45A8B4411927D20800013B83 /* libsqlite3.0.dylib */; };
		45A937A119363D7600F2C4C4 /* TTScrollView.m in Sources */ = {isa = PBXBuildFile; fileRef = 45A937A019363D7600F2C4C4 /* TTScrollView.m */; };
		45A937A41936482300F2C4C4 /* TTShadowView.m in Sources */ = {isa = PBXBuildFile; fileRef = 45A937A31936482300F2C4C4 /* TTShadowView.m */; };
		45A937A719379F0300F2C4C4 /* TTToolbar.m in Sources */ = {isa = PBXBuildFile; fileRef = 45A937A619379F0300F2C4C4 /* TTToolbar.m */; };
		45A937AC1939692E00F2C4C4 /* FXBlurView.m in Sources */ = {isa = PBXBuildFile; fileRef = 45A937AB1939692E00F2C4C4 /* FXBlurView.m */; };
		45A937B51948B4EB00F2C4C4 /* TTTableViewController.m in Sources */ = {isa = PBXBuildFile; fileRef = 45A937B41948B4EB00F2C4C4 /* TTTableViewController.m */; };
		45A937B81948B64F00F2C4C4 /* TTTableViewCell.m in Sources */ = {isa = PBXBuildFile; fileRef = 45A937B71948B64F00F2C4C4 /* TTTableViewCell.m */; };
		45D10097192887E1006A1F12 /* HTAutocompleteManager.m in Sources */ = {isa = PBXBuildFile; fileRef = 45D10092192887E1006A1F12 /* HTAutocompleteManager.m */; };
		45D10098192887E1006A1F12 /* HTAutocompleteTextField.m in Sources */ = {isa = PBXBuildFile; fileRef = 45D10094192887E1006A1F12 /* HTAutocompleteTextField.m */; };
		45D1009C1928892D006A1F12 /* TTMasterData.m in Sources */ = {isa = PBXBuildFile; fileRef = 45D1009B1928892D006A1F12 /* TTMasterData.m */; };
		45D1FF071927DFAA006A1F12 /* MediaPlayer.framework in Frameworks */ = {isa = PBXBuildFile; fileRef = 45D1FF061927DFAA006A1F12 /* MediaPlayer.framework */; };
		45D1FF0F192809FC006A1F12 /* TTQueue.m in Sources */ = {isa = PBXBuildFile; fileRef = 45D1FF0E192809FC006A1F12 /* TTQueue.m */; };
		45D1FF1219280B4E006A1F12 /* TTFifo.m in Sources */ = {isa = PBXBuildFile; fileRef = 45D1FF1119280B4E006A1F12 /* TTFifo.m */; };
		45D1FF1519281639006A1F12 /* RMImageCachePool.m in Sources */ = {isa = PBXBuildFile; fileRef = 45D1FF1419281639006A1F12 /* RMImageCachePool.m */; };
		45D1FF181928165F006A1F12 /* NSString+util.m in Sources */ = {isa = PBXBuildFile; fileRef = 45D1FF171928165F006A1F12 /* NSString+util.m */; };
		45FC1C691925251900694056 /* Foundation.framework in Frameworks */ = {isa = PBXBuildFile; fileRef = 45FC1C681925251900694056 /* Foundation.framework */; };
		45FC1C6B1925251900694056 /* CoreGraphics.framework in Frameworks */ = {isa = PBXBuildFile; fileRef = 45FC1C6A1925251900694056 /* CoreGraphics.framework */; };
		45FC1C6D1925251900694056 /* UIKit.framework in Frameworks */ = {isa = PBXBuildFile; fileRef = 45FC1C6C1925251900694056 /* UIKit.framework */; };
		45FC1C731925251900694056 /* InfoPlist.strings in Resources */ = {isa = PBXBuildFile; fileRef = 45FC1C711925251900694056 /* InfoPlist.strings */; };
		45FC1C751925251900694056 /* main.m in Sources */ = {isa = PBXBuildFile; fileRef = 45FC1C741925251900694056 /* main.m */; };
		45FC1C791925251900694056 /* TTAppDelegate.m in Sources */ = {isa = PBXBuildFile; fileRef = 45FC1C781925251900694056 /* TTAppDelegate.m */; };
		45FC1C7C1925251900694056 /* Main_iPhone.storyboard in Resources */ = {isa = PBXBuildFile; fileRef = 45FC1C7A1925251900694056 /* Main_iPhone.storyboard */; };
		45FC1C7F1925251900694056 /* Main_iPad.storyboard in Resources */ = {isa = PBXBuildFile; fileRef = 45FC1C7D1925251900694056 /* Main_iPad.storyboard */; };
		45FC1C821925251900694056 /* TTViewController.m in Sources */ = {isa = PBXBuildFile; fileRef = 45FC1C811925251900694056 /* TTViewController.m */; };
		45FC1C841925251900694056 /* Images.xcassets in Resources */ = {isa = PBXBuildFile; fileRef = 45FC1C831925251900694056 /* Images.xcassets */; };
		45FC1C8B1925251900694056 /* XCTest.framework in Frameworks */ = {isa = PBXBuildFile; fileRef = 45FC1C8A1925251900694056 /* XCTest.framework */; };
		45FC1C8C1925251900694056 /* Foundation.framework in Frameworks */ = {isa = PBXBuildFile; fileRef = 45FC1C681925251900694056 /* Foundation.framework */; };
		45FC1C8D1925251900694056 /* UIKit.framework in Frameworks */ = {isa = PBXBuildFile; fileRef = 45FC1C6C1925251900694056 /* UIKit.framework */; };
		45FC1C951925251900694056 /* InfoPlist.strings in Resources */ = {isa = PBXBuildFile; fileRef = 45FC1C931925251900694056 /* InfoPlist.strings */; };
		45FC1C971925251900694056 /* kikuTests.m in Sources */ = {isa = PBXBuildFile; fileRef = 45FC1C961925251900694056 /* kikuTests.m */; };
		45FC1CB71925256D00694056 /* AFHTTPClient.m in Sources */ = {isa = PBXBuildFile; fileRef = 45FC1CA31925256D00694056 /* AFHTTPClient.m */; settings = {COMPILER_FLAGS = "-fno-objc-arc"; }; };
		45FC1CB81925256D00694056 /* AFHTTPRequestOperation.m in Sources */ = {isa = PBXBuildFile; fileRef = 45FC1CA51925256D00694056 /* AFHTTPRequestOperation.m */; settings = {COMPILER_FLAGS = "-fno-objc-arc"; }; };
		45FC1CB91925256D00694056 /* AFImageRequestOperation.m in Sources */ = {isa = PBXBuildFile; fileRef = 45FC1CA71925256D00694056 /* AFImageRequestOperation.m */; settings = {COMPILER_FLAGS = "-fno-objc-arc"; }; };
		45FC1CBA1925256D00694056 /* AFJSONRequestOperation.m in Sources */ = {isa = PBXBuildFile; fileRef = 45FC1CA91925256D00694056 /* AFJSONRequestOperation.m */; settings = {COMPILER_FLAGS = "-fno-objc-arc"; }; };
		45FC1CBB1925256D00694056 /* AFJSONUtilities.m in Sources */ = {isa = PBXBuildFile; fileRef = 45FC1CAB1925256D00694056 /* AFJSONUtilities.m */; settings = {COMPILER_FLAGS = "-fno-objc-arc"; }; };
		45FC1CBC1925256D00694056 /* AFNetworkActivityIndicatorManager.m in Sources */ = {isa = PBXBuildFile; fileRef = 45FC1CAD1925256D00694056 /* AFNetworkActivityIndicatorManager.m */; settings = {COMPILER_FLAGS = "-fno-objc-arc"; }; };
		45FC1CBD1925256D00694056 /* AFPropertyListRequestOperation.m in Sources */ = {isa = PBXBuildFile; fileRef = 45FC1CB01925256D00694056 /* AFPropertyListRequestOperation.m */; settings = {COMPILER_FLAGS = "-fno-objc-arc"; }; };
		45FC1CBE1925256D00694056 /* AFURLConnectionOperation.m in Sources */ = {isa = PBXBuildFile; fileRef = 45FC1CB21925256D00694056 /* AFURLConnectionOperation.m */; settings = {COMPILER_FLAGS = "-fno-objc-arc"; }; };
		45FC1CBF1925256D00694056 /* AFXMLRequestOperation.m in Sources */ = {isa = PBXBuildFile; fileRef = 45FC1CB41925256D00694056 /* AFXMLRequestOperation.m */; settings = {COMPILER_FLAGS = "-fno-objc-arc"; }; };
		45FC1CC01925256D00694056 /* UIImageView+AFNetworking.m in Sources */ = {isa = PBXBuildFile; fileRef = 45FC1CB61925256D00694056 /* UIImageView+AFNetworking.m */; settings = {COMPILER_FLAGS = "-fno-objc-arc"; }; };
		45FC1CC4192525E700694056 /* TTCommunicationEngine.m in Sources */ = {isa = PBXBuildFile; fileRef = 45FC1CC3192525E700694056 /* TTCommunicationEngine.m */; };
		45FC1CC819252AC800694056 /* TTData.m in Sources */ = {isa = PBXBuildFile; fileRef = 45FC1CC719252AC800694056 /* TTData.m */; };
		45FC1CCB19252BD500694056 /* TTSongData.m in Sources */ = {isa = PBXBuildFile; fileRef = 45FC1CCA19252BD500694056 /* TTSongData.m */; };
		45FC1CD01927C90200694056 /* AudioToolbox.framework in Frameworks */ = {isa = PBXBuildFile; fileRef = 45FC1CCF1927C90200694056 /* AudioToolbox.framework */; };
		45FC1CD41927C93800694056 /* TTAudioEngine.m in Sources */ = {isa = PBXBuildFile; fileRef = 45FC1CD31927C93800694056 /* TTAudioEngine.m */; };
		45FC1CD61927C96F00694056 /* AVFoundation.framework in Frameworks */ = {isa = PBXBuildFile; fileRef = 45FC1CD51927C96F00694056 /* AVFoundation.framework */; };
		45FD1C1D1932201A005AA91F /* TTHeaderView.m in Sources */ = {isa = PBXBuildFile; fileRef = 45FD1C1C1932201A005AA91F /* TTHeaderView.m */; };
		45FD1C2019322024005AA91F /* TTViewBase.m in Sources */ = {isa = PBXBuildFile; fileRef = 45FD1C1F19322024005AA91F /* TTViewBase.m */; };
		45FD1C241932255E005AA91F /* TTButton.m in Sources */ = {isa = PBXBuildFile; fileRef = 45FD1C231932255E005AA91F /* TTButton.m */; };
		45FD1C2719322609005AA91F /* TTMainView.m in Sources */ = {isa = PBXBuildFile; fileRef = 45FD1C2619322609005AA91F /* TTMainView.m */; };
		45FD1C3619322CAE005AA91F /* header_searchBox.png in Resources */ = {isa = PBXBuildFile; fileRef = 45FD1C2C19322CAE005AA91F /* header_searchBox.png */; };
		45FD1C3719322CAE005AA91F /* header_searchCancel.png in Resources */ = {isa = PBXBuildFile; fileRef = 45FD1C2D19322CAE005AA91F /* header_searchCancel.png */; };
		45FD1C3819322CAE005AA91F /* header_searchIcon.png in Resources */ = {isa = PBXBuildFile; fileRef = 45FD1C2E19322CAE005AA91F /* header_searchIcon.png */; };
		45FD1C3919322CAE005AA91F /* header_sliderBtn.png in Resources */ = {isa = PBXBuildFile; fileRef = 45FD1C2F19322CAE005AA91F /* header_sliderBtn.png */; };
		45FD1C3A19322CAE005AA91F /* list_arrow.png in Resources */ = {isa = PBXBuildFile; fileRef = 45FD1C3019322CAE005AA91F /* list_arrow.png */; };
		45FD1C3B19322CAE005AA91F /* toolbarBtn01.png in Resources */ = {isa = PBXBuildFile; fileRef = 45FD1C3119322CAE005AA91F /* toolbarBtn01.png */; };
		45FD1C3C19322CAE005AA91F /* toolbarBtn02.png in Resources */ = {isa = PBXBuildFile; fileRef = 45FD1C3219322CAE005AA91F /* toolbarBtn02.png */; };
		45FD1C3D19322CAE005AA91F /* toolbarBtn03.png in Resources */ = {isa = PBXBuildFile; fileRef = 45FD1C3319322CAE005AA91F /* toolbarBtn03.png */; };
		45FD1C40193241CB005AA91F /* TTListContentView.m in Sources */ = {isa = PBXBuildFile; fileRef = 45FD1C3F193241CB005AA91F /* TTListContentView.m */; };
		45FD1C4A19324D62005AA91F /* RMLoadingAnimation.m in Sources */ = {isa = PBXBuildFile; fileRef = 45FD1C4319324D62005AA91F /* RMLoadingAnimation.m */; };
		45FD1C4B19324D62005AA91F /* RMLoadingAnimation2.m in Sources */ = {isa = PBXBuildFile; fileRef = 45FD1C4519324D62005AA91F /* RMLoadingAnimation2.m */; };
		45FD1C4C19324D62005AA91F /* RMLoadingCommon.m in Sources */ = {isa = PBXBuildFile; fileRef = 45FD1C4719324D62005AA91F /* RMLoadingCommon.m */; };
		45FD1C4D19324D62005AA91F /* RMRefreshLoadingAnimation.m in Sources */ = {isa = PBXBuildFile; fileRef = 45FD1C4919324D62005AA91F /* RMRefreshLoadingAnimation.m */; };
/* End PBXBuildFile section */

/* Begin PBXContainerItemProxy section */
		45FC1C8E1925251900694056 /* PBXContainerItemProxy */ = {
			isa = PBXContainerItemProxy;
			containerPortal = 45FC1C5D1925251900694056 /* Project object */;
			proxyType = 1;
			remoteGlobalIDString = 45FC1C641925251900694056;
			remoteInfo = kiku;
		};
/* End PBXContainerItemProxy section */

/* Begin PBXFileReference section */
		45A8B43B1927D14800013B83 /* TTUserData.h */ = {isa = PBXFileReference; fileEncoding = 4; lastKnownFileType = sourcecode.c.h; name = TTUserData.h; path = Classes/Data/TTUserData.h; sourceTree = "<group>"; };
		45A8B43C1927D14800013B83 /* TTUserData.m */ = {isa = PBXFileReference; fileEncoding = 4; lastKnownFileType = sourcecode.c.objc; name = TTUserData.m; path = Classes/Data/TTUserData.m; sourceTree = "<group>"; };
		45A8B43E1927D1FC00013B83 /* RMSQLite3.h */ = {isa = PBXFileReference; fileEncoding = 4; lastKnownFileType = sourcecode.c.h; name = RMSQLite3.h; path = Classes/Data/RMSQLite3.h; sourceTree = "<group>"; };
		45A8B43F1927D1FC00013B83 /* RMSQLite3.m */ = {isa = PBXFileReference; fileEncoding = 4; lastKnownFileType = sourcecode.c.objc; name = RMSQLite3.m; path = Classes/Data/RMSQLite3.m; sourceTree = "<group>"; };
		45A8B4411927D20800013B83 /* libsqlite3.0.dylib */ = {isa = PBXFileReference; lastKnownFileType = "compiled.mach-o.dylib"; name = libsqlite3.0.dylib; path = usr/lib/libsqlite3.0.dylib; sourceTree = SDKROOT; };
		45A9379F19363D7600F2C4C4 /* TTScrollView.h */ = {isa = PBXFileReference; fileEncoding = 4; lastKnownFileType = sourcecode.c.h; name = TTScrollView.h; path = Classes/View/TTScrollView.h; sourceTree = "<group>"; };
		45A937A019363D7600F2C4C4 /* TTScrollView.m */ = {isa = PBXFileReference; fileEncoding = 4; lastKnownFileType = sourcecode.c.objc; name = TTScrollView.m; path = Classes/View/TTScrollView.m; sourceTree = "<group>"; };
		45A937A21936482300F2C4C4 /* TTShadowView.h */ = {isa = PBXFileReference; fileEncoding = 4; lastKnownFileType = sourcecode.c.h; name = TTShadowView.h; path = Classes/View/TTShadowView.h; sourceTree = "<group>"; };
		45A937A31936482300F2C4C4 /* TTShadowView.m */ = {isa = PBXFileReference; fileEncoding = 4; lastKnownFileType = sourcecode.c.objc; name = TTShadowView.m; path = Classes/View/TTShadowView.m; sourceTree = "<group>"; };
		45A937A519379F0300F2C4C4 /* TTToolbar.h */ = {isa = PBXFileReference; fileEncoding = 4; lastKnownFileType = sourcecode.c.h; name = TTToolbar.h; path = Classes/View/TTToolbar.h; sourceTree = "<group>"; };
		45A937A619379F0300F2C4C4 /* TTToolbar.m */ = {isa = PBXFileReference; fileEncoding = 4; lastKnownFileType = sourcecode.c.objc; name = TTToolbar.m; path = Classes/View/TTToolbar.m; sourceTree = "<group>"; };
		45A937A81937A7EE00F2C4C4 /* CommConstants.h */ = {isa = PBXFileReference; lastKnownFileType = sourcecode.c.h; name = CommConstants.h; path = Classes/Comm/CommConstants.h; sourceTree = "<group>"; };
		45A937AA1939692E00F2C4C4 /* FXBlurView.h */ = {isa = PBXFileReference; fileEncoding = 4; lastKnownFileType = sourcecode.c.h; name = FXBlurView.h; path = Classes/OSS/FXBlurView/FXBlurView.h; sourceTree = "<group>"; };
		45A937AB1939692E00F2C4C4 /* FXBlurView.m */ = {isa = PBXFileReference; fileEncoding = 4; lastKnownFileType = sourcecode.c.objc; name = FXBlurView.m; path = Classes/OSS/FXBlurView/FXBlurView.m; sourceTree = "<group>"; };
		45A937B31948B4EB00F2C4C4 /* TTTableViewController.h */ = {isa = PBXFileReference; fileEncoding = 4; lastKnownFileType = sourcecode.c.h; name = TTTableViewController.h; path = Classes/View/TTTableViewController.h; sourceTree = "<group>"; };
		45A937B41948B4EB00F2C4C4 /* TTTableViewController.m */ = {isa = PBXFileReference; fileEncoding = 4; lastKnownFileType = sourcecode.c.objc; name = TTTableViewController.m; path = Classes/View/TTTableViewController.m; sourceTree = "<group>"; };
		45A937B61948B64F00F2C4C4 /* TTTableViewCell.h */ = {isa = PBXFileReference; fileEncoding = 4; lastKnownFileType = sourcecode.c.h; name = TTTableViewCell.h; path = Classes/View/TTTableViewCell.h; sourceTree = "<group>"; };
		45A937B71948B64F00F2C4C4 /* TTTableViewCell.m */ = {isa = PBXFileReference; fileEncoding = 4; lastKnownFileType = sourcecode.c.objc; name = TTTableViewCell.m; path = Classes/View/TTTableViewCell.m; sourceTree = "<group>"; };
		45D10091192887E1006A1F12 /* HTAutocompleteManager.h */ = {isa = PBXFileReference; fileEncoding = 4; lastKnownFileType = sourcecode.c.h; name = HTAutocompleteManager.h; path = Classes/OSS/HTAutocomplete/HTAutocompleteManager.h; sourceTree = "<group>"; };
		45D10092192887E1006A1F12 /* HTAutocompleteManager.m */ = {isa = PBXFileReference; fileEncoding = 4; lastKnownFileType = sourcecode.c.objc; name = HTAutocompleteManager.m; path = Classes/OSS/HTAutocomplete/HTAutocompleteManager.m; sourceTree = "<group>"; };
		45D10093192887E1006A1F12 /* HTAutocompleteTextField.h */ = {isa = PBXFileReference; fileEncoding = 4; lastKnownFileType = sourcecode.c.h; name = HTAutocompleteTextField.h; path = Classes/OSS/HTAutocomplete/HTAutocompleteTextField.h; sourceTree = "<group>"; };
		45D10094192887E1006A1F12 /* HTAutocompleteTextField.m */ = {isa = PBXFileReference; fileEncoding = 4; lastKnownFileType = sourcecode.c.objc; name = HTAutocompleteTextField.m; path = Classes/OSS/HTAutocomplete/HTAutocompleteTextField.m; sourceTree = "<group>"; };
		45D1009A1928892D006A1F12 /* TTMasterData.h */ = {isa = PBXFileReference; fileEncoding = 4; lastKnownFileType = sourcecode.c.h; name = TTMasterData.h; path = Classes/Data/TTMasterData.h; sourceTree = "<group>"; };
		45D1009B1928892D006A1F12 /* TTMasterData.m */ = {isa = PBXFileReference; fileEncoding = 4; lastKnownFileType = sourcecode.c.objc; name = TTMasterData.m; path = Classes/Data/TTMasterData.m; sourceTree = "<group>"; };
		45D1FF061927DFAA006A1F12 /* MediaPlayer.framework */ = {isa = PBXFileReference; lastKnownFileType = wrapper.framework; name = MediaPlayer.framework; path = System/Library/Frameworks/MediaPlayer.framework; sourceTree = SDKROOT; };
		45D1FF0D192809FC006A1F12 /* TTQueue.h */ = {isa = PBXFileReference; fileEncoding = 4; lastKnownFileType = sourcecode.c.h; name = TTQueue.h; path = Classes/Util/TTQueue.h; sourceTree = "<group>"; };
		45D1FF0E192809FC006A1F12 /* TTQueue.m */ = {isa = PBXFileReference; fileEncoding = 4; lastKnownFileType = sourcecode.c.objc; name = TTQueue.m; path = Classes/Util/TTQueue.m; sourceTree = "<group>"; };
		45D1FF1019280B4E006A1F12 /* TTFifo.h */ = {isa = PBXFileReference; fileEncoding = 4; lastKnownFileType = sourcecode.c.h; name = TTFifo.h; path = Classes/Util/TTFifo.h; sourceTree = "<group>"; };
		45D1FF1119280B4E006A1F12 /* TTFifo.m */ = {isa = PBXFileReference; fileEncoding = 4; lastKnownFileType = sourcecode.c.objc; name = TTFifo.m; path = Classes/Util/TTFifo.m; sourceTree = "<group>"; };
		45D1FF1319281639006A1F12 /* RMImageCachePool.h */ = {isa = PBXFileReference; fileEncoding = 4; lastKnownFileType = sourcecode.c.h; name = RMImageCachePool.h; path = Classes/Comm/RMImageCachePool.h; sourceTree = "<group>"; };
		45D1FF1419281639006A1F12 /* RMImageCachePool.m */ = {isa = PBXFileReference; fileEncoding = 4; lastKnownFileType = sourcecode.c.objc; name = RMImageCachePool.m; path = Classes/Comm/RMImageCachePool.m; sourceTree = "<group>"; };
		45D1FF161928165F006A1F12 /* NSString+util.h */ = {isa = PBXFileReference; fileEncoding = 4; lastKnownFileType = sourcecode.c.h; name = "NSString+util.h"; path = "Classes/Util/NSString+util.h"; sourceTree = "<group>"; };
		45D1FF171928165F006A1F12 /* NSString+util.m */ = {isa = PBXFileReference; fileEncoding = 4; lastKnownFileType = sourcecode.c.objc; name = "NSString+util.m"; path = "Classes/Util/NSString+util.m"; sourceTree = "<group>"; };
		45FC1C651925251900694056 /* kiku.app */ = {isa = PBXFileReference; explicitFileType = wrapper.application; includeInIndex = 0; path = kiku.app; sourceTree = BUILT_PRODUCTS_DIR; };
		45FC1C681925251900694056 /* Foundation.framework */ = {isa = PBXFileReference; lastKnownFileType = wrapper.framework; name = Foundation.framework; path = System/Library/Frameworks/Foundation.framework; sourceTree = SDKROOT; };
		45FC1C6A1925251900694056 /* CoreGraphics.framework */ = {isa = PBXFileReference; lastKnownFileType = wrapper.framework; name = CoreGraphics.framework; path = System/Library/Frameworks/CoreGraphics.framework; sourceTree = SDKROOT; };
		45FC1C6C1925251900694056 /* UIKit.framework */ = {isa = PBXFileReference; lastKnownFileType = wrapper.framework; name = UIKit.framework; path = System/Library/Frameworks/UIKit.framework; sourceTree = SDKROOT; };
		45FC1C701925251900694056 /* kiku-Info.plist */ = {isa = PBXFileReference; lastKnownFileType = text.plist.xml; path = "kiku-Info.plist"; sourceTree = "<group>"; };
		45FC1C721925251900694056 /* en */ = {isa = PBXFileReference; lastKnownFileType = text.plist.strings; name = en; path = en.lproj/InfoPlist.strings; sourceTree = "<group>"; };
		45FC1C741925251900694056 /* main.m */ = {isa = PBXFileReference; lastKnownFileType = sourcecode.c.objc; path = main.m; sourceTree = "<group>"; };
		45FC1C761925251900694056 /* kiku-Prefix.pch */ = {isa = PBXFileReference; lastKnownFileType = sourcecode.c.h; path = "kiku-Prefix.pch"; sourceTree = "<group>"; };
		45FC1C771925251900694056 /* TTAppDelegate.h */ = {isa = PBXFileReference; lastKnownFileType = sourcecode.c.h; path = TTAppDelegate.h; sourceTree = "<group>"; };
		45FC1C781925251900694056 /* TTAppDelegate.m */ = {isa = PBXFileReference; lastKnownFileType = sourcecode.c.objc; path = TTAppDelegate.m; sourceTree = "<group>"; };
		45FC1C7B1925251900694056 /* Base */ = {isa = PBXFileReference; lastKnownFileType = file.storyboard; name = Base; path = Base.lproj/Main_iPhone.storyboard; sourceTree = "<group>"; };
		45FC1C7E1925251900694056 /* Base */ = {isa = PBXFileReference; lastKnownFileType = file.storyboard; name = Base; path = Base.lproj/Main_iPad.storyboard; sourceTree = "<group>"; };
		45FC1C801925251900694056 /* TTViewController.h */ = {isa = PBXFileReference; lastKnownFileType = sourcecode.c.h; path = TTViewController.h; sourceTree = "<group>"; };
		45FC1C811925251900694056 /* TTViewController.m */ = {isa = PBXFileReference; lastKnownFileType = sourcecode.c.objc; path = TTViewController.m; sourceTree = "<group>"; };
		45FC1C831925251900694056 /* Images.xcassets */ = {isa = PBXFileReference; lastKnownFileType = folder.assetcatalog; path = Images.xcassets; sourceTree = "<group>"; };
		45FC1C891925251900694056 /* kikuTests.xctest */ = {isa = PBXFileReference; explicitFileType = wrapper.cfbundle; includeInIndex = 0; path = kikuTests.xctest; sourceTree = BUILT_PRODUCTS_DIR; };
		45FC1C8A1925251900694056 /* XCTest.framework */ = {isa = PBXFileReference; lastKnownFileType = wrapper.framework; name = XCTest.framework; path = Library/Frameworks/XCTest.framework; sourceTree = DEVELOPER_DIR; };
		45FC1C921925251900694056 /* kikuTests-Info.plist */ = {isa = PBXFileReference; lastKnownFileType = text.plist.xml; path = "kikuTests-Info.plist"; sourceTree = "<group>"; };
		45FC1C941925251900694056 /* en */ = {isa = PBXFileReference; lastKnownFileType = text.plist.strings; name = en; path = en.lproj/InfoPlist.strings; sourceTree = "<group>"; };
		45FC1C961925251900694056 /* kikuTests.m */ = {isa = PBXFileReference; lastKnownFileType = sourcecode.c.objc; path = kikuTests.m; sourceTree = "<group>"; };
		45FC1CA21925256D00694056 /* AFHTTPClient.h */ = {isa = PBXFileReference; fileEncoding = 4; lastKnownFileType = sourcecode.c.h; name = AFHTTPClient.h; path = Classes/OSS/AFNetworking/AFHTTPClient.h; sourceTree = "<group>"; };
		45FC1CA31925256D00694056 /* AFHTTPClient.m */ = {isa = PBXFileReference; fileEncoding = 4; lastKnownFileType = sourcecode.c.objc; name = AFHTTPClient.m; path = Classes/OSS/AFNetworking/AFHTTPClient.m; sourceTree = "<group>"; };
		45FC1CA41925256D00694056 /* AFHTTPRequestOperation.h */ = {isa = PBXFileReference; fileEncoding = 4; lastKnownFileType = sourcecode.c.h; name = AFHTTPRequestOperation.h; path = Classes/OSS/AFNetworking/AFHTTPRequestOperation.h; sourceTree = "<group>"; };
		45FC1CA51925256D00694056 /* AFHTTPRequestOperation.m */ = {isa = PBXFileReference; fileEncoding = 4; lastKnownFileType = sourcecode.c.objc; name = AFHTTPRequestOperation.m; path = Classes/OSS/AFNetworking/AFHTTPRequestOperation.m; sourceTree = "<group>"; };
		45FC1CA61925256D00694056 /* AFImageRequestOperation.h */ = {isa = PBXFileReference; fileEncoding = 4; lastKnownFileType = sourcecode.c.h; name = AFImageRequestOperation.h; path = Classes/OSS/AFNetworking/AFImageRequestOperation.h; sourceTree = "<group>"; };
		45FC1CA71925256D00694056 /* AFImageRequestOperation.m */ = {isa = PBXFileReference; fileEncoding = 4; lastKnownFileType = sourcecode.c.objc; name = AFImageRequestOperation.m; path = Classes/OSS/AFNetworking/AFImageRequestOperation.m; sourceTree = "<group>"; };
		45FC1CA81925256D00694056 /* AFJSONRequestOperation.h */ = {isa = PBXFileReference; fileEncoding = 4; lastKnownFileType = sourcecode.c.h; name = AFJSONRequestOperation.h; path = Classes/OSS/AFNetworking/AFJSONRequestOperation.h; sourceTree = "<group>"; };
		45FC1CA91925256D00694056 /* AFJSONRequestOperation.m */ = {isa = PBXFileReference; fileEncoding = 4; lastKnownFileType = sourcecode.c.objc; name = AFJSONRequestOperation.m; path = Classes/OSS/AFNetworking/AFJSONRequestOperation.m; sourceTree = "<group>"; };
		45FC1CAA1925256D00694056 /* AFJSONUtilities.h */ = {isa = PBXFileReference; fileEncoding = 4; lastKnownFileType = sourcecode.c.h; name = AFJSONUtilities.h; path = Classes/OSS/AFNetworking/AFJSONUtilities.h; sourceTree = "<group>"; };
		45FC1CAB1925256D00694056 /* AFJSONUtilities.m */ = {isa = PBXFileReference; fileEncoding = 4; lastKnownFileType = sourcecode.c.objc; name = AFJSONUtilities.m; path = Classes/OSS/AFNetworking/AFJSONUtilities.m; sourceTree = "<group>"; };
		45FC1CAC1925256D00694056 /* AFNetworkActivityIndicatorManager.h */ = {isa = PBXFileReference; fileEncoding = 4; lastKnownFileType = sourcecode.c.h; name = AFNetworkActivityIndicatorManager.h; path = Classes/OSS/AFNetworking/AFNetworkActivityIndicatorManager.h; sourceTree = "<group>"; };
		45FC1CAD1925256D00694056 /* AFNetworkActivityIndicatorManager.m */ = {isa = PBXFileReference; fileEncoding = 4; lastKnownFileType = sourcecode.c.objc; name = AFNetworkActivityIndicatorManager.m; path = Classes/OSS/AFNetworking/AFNetworkActivityIndicatorManager.m; sourceTree = "<group>"; };
		45FC1CAE1925256D00694056 /* AFNetworking.h */ = {isa = PBXFileReference; fileEncoding = 4; lastKnownFileType = sourcecode.c.h; name = AFNetworking.h; path = Classes/OSS/AFNetworking/AFNetworking.h; sourceTree = "<group>"; };
		45FC1CAF1925256D00694056 /* AFPropertyListRequestOperation.h */ = {isa = PBXFileReference; fileEncoding = 4; lastKnownFileType = sourcecode.c.h; name = AFPropertyListRequestOperation.h; path = Classes/OSS/AFNetworking/AFPropertyListRequestOperation.h; sourceTree = "<group>"; };
		45FC1CB01925256D00694056 /* AFPropertyListRequestOperation.m */ = {isa = PBXFileReference; fileEncoding = 4; lastKnownFileType = sourcecode.c.objc; name = AFPropertyListRequestOperation.m; path = Classes/OSS/AFNetworking/AFPropertyListRequestOperation.m; sourceTree = "<group>"; };
		45FC1CB11925256D00694056 /* AFURLConnectionOperation.h */ = {isa = PBXFileReference; fileEncoding = 4; lastKnownFileType = sourcecode.c.h; name = AFURLConnectionOperation.h; path = Classes/OSS/AFNetworking/AFURLConnectionOperation.h; sourceTree = "<group>"; };
		45FC1CB21925256D00694056 /* AFURLConnectionOperation.m */ = {isa = PBXFileReference; fileEncoding = 4; lastKnownFileType = sourcecode.c.objc; name = AFURLConnectionOperation.m; path = Classes/OSS/AFNetworking/AFURLConnectionOperation.m; sourceTree = "<group>"; };
		45FC1CB31925256D00694056 /* AFXMLRequestOperation.h */ = {isa = PBXFileReference; fileEncoding = 4; lastKnownFileType = sourcecode.c.h; name = AFXMLRequestOperation.h; path = Classes/OSS/AFNetworking/AFXMLRequestOperation.h; sourceTree = "<group>"; };
		45FC1CB41925256D00694056 /* AFXMLRequestOperation.m */ = {isa = PBXFileReference; fileEncoding = 4; lastKnownFileType = sourcecode.c.objc; name = AFXMLRequestOperation.m; path = Classes/OSS/AFNetworking/AFXMLRequestOperation.m; sourceTree = "<group>"; };
		45FC1CB51925256D00694056 /* UIImageView+AFNetworking.h */ = {isa = PBXFileReference; fileEncoding = 4; lastKnownFileType = sourcecode.c.h; name = "UIImageView+AFNetworking.h"; path = "Classes/OSS/AFNetworking/UIImageView+AFNetworking.h"; sourceTree = "<group>"; };
		45FC1CB61925256D00694056 /* UIImageView+AFNetworking.m */ = {isa = PBXFileReference; fileEncoding = 4; lastKnownFileType = sourcecode.c.objc; name = "UIImageView+AFNetworking.m"; path = "Classes/OSS/AFNetworking/UIImageView+AFNetworking.m"; sourceTree = "<group>"; };
		45FC1CC2192525E700694056 /* TTCommunicationEngine.h */ = {isa = PBXFileReference; fileEncoding = 4; lastKnownFileType = sourcecode.c.h; name = TTCommunicationEngine.h; path = Classes/Comm/TTCommunicationEngine.h; sourceTree = "<group>"; };
		45FC1CC3192525E700694056 /* TTCommunicationEngine.m */ = {isa = PBXFileReference; fileEncoding = 4; lastKnownFileType = sourcecode.c.objc; name = TTCommunicationEngine.m; path = Classes/Comm/TTCommunicationEngine.m; sourceTree = "<group>"; };
		45FC1CC619252AC800694056 /* TTData.h */ = {isa = PBXFileReference; fileEncoding = 4; lastKnownFileType = sourcecode.c.h; name = TTData.h; path = Classes/Data/TTData.h; sourceTree = "<group>"; };
		45FC1CC719252AC800694056 /* TTData.m */ = {isa = PBXFileReference; fileEncoding = 4; lastKnownFileType = sourcecode.c.objc; name = TTData.m; path = Classes/Data/TTData.m; sourceTree = "<group>"; };
		45FC1CC919252BD500694056 /* TTSongData.h */ = {isa = PBXFileReference; fileEncoding = 4; lastKnownFileType = sourcecode.c.h; name = TTSongData.h; path = Classes/Data/TTSongData.h; sourceTree = "<group>"; };
		45FC1CCA19252BD500694056 /* TTSongData.m */ = {isa = PBXFileReference; fileEncoding = 4; lastKnownFileType = sourcecode.c.objc; name = TTSongData.m; path = Classes/Data/TTSongData.m; sourceTree = "<group>"; };
		45FC1CCC1927B41000694056 /* Endpoints.h */ = {isa = PBXFileReference; lastKnownFileType = sourcecode.c.h; name = Endpoints.h; path = Classes/Comm/Endpoints.h; sourceTree = "<group>"; };
		45FC1CCE1927C30D00694056 /* Macro.h */ = {isa = PBXFileReference; lastKnownFileType = sourcecode.c.h; name = Macro.h; path = Classes/macro/Macro.h; sourceTree = "<group>"; };
		45FC1CCF1927C90200694056 /* AudioToolbox.framework */ = {isa = PBXFileReference; lastKnownFileType = wrapper.framework; name = AudioToolbox.framework; path = System/Library/Frameworks/AudioToolbox.framework; sourceTree = SDKROOT; };
		45FC1CD21927C93800694056 /* TTAudioEngine.h */ = {isa = PBXFileReference; fileEncoding = 4; lastKnownFileType = sourcecode.c.h; name = TTAudioEngine.h; path = Classes/Audio/TTAudioEngine.h; sourceTree = "<group>"; };
		45FC1CD31927C93800694056 /* TTAudioEngine.m */ = {isa = PBXFileReference; fileEncoding = 4; lastKnownFileType = sourcecode.c.objc; name = TTAudioEngine.m; path = Classes/Audio/TTAudioEngine.m; sourceTree = "<group>"; };
		45FC1CD51927C96F00694056 /* AVFoundation.framework */ = {isa = PBXFileReference; lastKnownFileType = wrapper.framework; name = AVFoundation.framework; path = System/Library/Frameworks/AVFoundation.framework; sourceTree = SDKROOT; };
		45FD1C1B1932201A005AA91F /* TTHeaderView.h */ = {isa = PBXFileReference; fileEncoding = 4; lastKnownFileType = sourcecode.c.h; name = TTHeaderView.h; path = Classes/View/TTHeaderView.h; sourceTree = "<group>"; };
		45FD1C1C1932201A005AA91F /* TTHeaderView.m */ = {isa = PBXFileReference; fileEncoding = 4; lastKnownFileType = sourcecode.c.objc; name = TTHeaderView.m; path = Classes/View/TTHeaderView.m; sourceTree = "<group>"; };
		45FD1C1E19322024005AA91F /* TTViewBase.h */ = {isa = PBXFileReference; fileEncoding = 4; lastKnownFileType = sourcecode.c.h; name = TTViewBase.h; path = Classes/View/TTViewBase.h; sourceTree = "<group>"; };
		45FD1C1F19322024005AA91F /* TTViewBase.m */ = {isa = PBXFileReference; fileEncoding = 4; lastKnownFileType = sourcecode.c.objc; name = TTViewBase.m; path = Classes/View/TTViewBase.m; sourceTree = "<group>"; };
		45FD1C2119322087005AA91F /* TTViewConstants.h */ = {isa = PBXFileReference; fileEncoding = 4; lastKnownFileType = sourcecode.c.h; name = TTViewConstants.h; path = Classes/View/TTViewConstants.h; sourceTree = "<group>"; };
		45FD1C221932255E005AA91F /* TTButton.h */ = {isa = PBXFileReference; fileEncoding = 4; lastKnownFileType = sourcecode.c.h; name = TTButton.h; path = Classes/View/TTButton.h; sourceTree = "<group>"; };
		45FD1C231932255E005AA91F /* TTButton.m */ = {isa = PBXFileReference; fileEncoding = 4; lastKnownFileType = sourcecode.c.objc; name = TTButton.m; path = Classes/View/TTButton.m; sourceTree = "<group>"; };
		45FD1C2519322609005AA91F /* TTMainView.h */ = {isa = PBXFileReference; fileEncoding = 4; lastKnownFileType = sourcecode.c.h; name = TTMainView.h; path = Classes/View/TTMainView.h; sourceTree = "<group>"; };
		45FD1C2619322609005AA91F /* TTMainView.m */ = {isa = PBXFileReference; fileEncoding = 4; lastKnownFileType = sourcecode.c.objc; name = TTMainView.m; path = Classes/View/TTMainView.m; sourceTree = "<group>"; };
		45FD1C2819322C6C005AA91F /* TTResourceName.h */ = {isa = PBXFileReference; lastKnownFileType = sourcecode.c.h; name = TTResourceName.h; path = Classes/View/TTResourceName.h; sourceTree = "<group>"; };
		45FD1C2C19322CAE005AA91F /* header_searchBox.png */ = {isa = PBXFileReference; lastKnownFileType = image.png; path = header_searchBox.png; sourceTree = "<group>"; };
		45FD1C2D19322CAE005AA91F /* header_searchCancel.png */ = {isa = PBXFileReference; lastKnownFileType = image.png; path = header_searchCancel.png; sourceTree = "<group>"; };
		45FD1C2E19322CAE005AA91F /* header_searchIcon.png */ = {isa = PBXFileReference; lastKnownFileType = image.png; path = header_searchIcon.png; sourceTree = "<group>"; };
		45FD1C2F19322CAE005AA91F /* header_sliderBtn.png */ = {isa = PBXFileReference; lastKnownFileType = image.png; path = header_sliderBtn.png; sourceTree = "<group>"; };
		45FD1C3019322CAE005AA91F /* list_arrow.png */ = {isa = PBXFileReference; lastKnownFileType = image.png; path = list_arrow.png; sourceTree = "<group>"; };
		45FD1C3119322CAE005AA91F /* toolbarBtn01.png */ = {isa = PBXFileReference; lastKnownFileType = image.png; path = toolbarBtn01.png; sourceTree = "<group>"; };
		45FD1C3219322CAE005AA91F /* toolbarBtn02.png */ = {isa = PBXFileReference; lastKnownFileType = image.png; path = toolbarBtn02.png; sourceTree = "<group>"; };
		45FD1C3319322CAE005AA91F /* toolbarBtn03.png */ = {isa = PBXFileReference; lastKnownFileType = image.png; path = toolbarBtn03.png; sourceTree = "<group>"; };
		45FD1C3E193241CB005AA91F /* TTListContentView.h */ = {isa = PBXFileReference; fileEncoding = 4; lastKnownFileType = sourcecode.c.h; name = TTListContentView.h; path = Classes/View/TTListContentView.h; sourceTree = "<group>"; };
		45FD1C3F193241CB005AA91F /* TTListContentView.m */ = {isa = PBXFileReference; fileEncoding = 4; lastKnownFileType = sourcecode.c.objc; name = TTListContentView.m; path = Classes/View/TTListContentView.m; sourceTree = "<group>"; };
		45FD1C4219324D62005AA91F /* RMLoadingAnimation.h */ = {isa = PBXFileReference; fileEncoding = 4; lastKnownFileType = sourcecode.c.h; name = RMLoadingAnimation.h; path = Classes/View/AnimComponent/RMLoadingAnimation.h; sourceTree = "<group>"; };
		45FD1C4319324D62005AA91F /* RMLoadingAnimation.m */ = {isa = PBXFileReference; fileEncoding = 4; lastKnownFileType = sourcecode.c.objc; name = RMLoadingAnimation.m; path = Classes/View/AnimComponent/RMLoadingAnimation.m; sourceTree = "<group>"; };
		45FD1C4419324D62005AA91F /* RMLoadingAnimation2.h */ = {isa = PBXFileReference; fileEncoding = 4; lastKnownFileType = sourcecode.c.h; name = RMLoadingAnimation2.h; path = Classes/View/AnimComponent/RMLoadingAnimation2.h; sourceTree = "<group>"; };
		45FD1C4519324D62005AA91F /* RMLoadingAnimation2.m */ = {isa = PBXFileReference; fileEncoding = 4; lastKnownFileType = sourcecode.c.objc; name = RMLoadingAnimation2.m; path = Classes/View/AnimComponent/RMLoadingAnimation2.m; sourceTree = "<group>"; };
		45FD1C4619324D62005AA91F /* RMLoadingCommon.h */ = {isa = PBXFileReference; fileEncoding = 4; lastKnownFileType = sourcecode.c.h; name = RMLoadingCommon.h; path = Classes/View/AnimComponent/RMLoadingCommon.h; sourceTree = "<group>"; };
		45FD1C4719324D62005AA91F /* RMLoadingCommon.m */ = {isa = PBXFileReference; fileEncoding = 4; lastKnownFileType = sourcecode.c.objc; name = RMLoadingCommon.m; path = Classes/View/AnimComponent/RMLoadingCommon.m; sourceTree = "<group>"; };
		45FD1C4819324D62005AA91F /* RMRefreshLoadingAnimation.h */ = {isa = PBXFileReference; fileEncoding = 4; lastKnownFileType = sourcecode.c.h; name = RMRefreshLoadingAnimation.h; path = Classes/View/AnimComponent/RMRefreshLoadingAnimation.h; sourceTree = "<group>"; };
		45FD1C4919324D62005AA91F /* RMRefreshLoadingAnimation.m */ = {isa = PBXFileReference; fileEncoding = 4; lastKnownFileType = sourcecode.c.objc; name = RMRefreshLoadingAnimation.m; path = Classes/View/AnimComponent/RMRefreshLoadingAnimation.m; sourceTree = "<group>"; };
/* End PBXFileReference section */

/* Begin PBXFrameworksBuildPhase section */
		45FC1C621925251900694056 /* Frameworks */ = {
			isa = PBXFrameworksBuildPhase;
			buildActionMask = 2147483647;
			files = (
				45D1FF071927DFAA006A1F12 /* MediaPlayer.framework in Frameworks */,
				45A8B4421927D20800013B83 /* libsqlite3.0.dylib in Frameworks */,
				45FC1CD61927C96F00694056 /* AVFoundation.framework in Frameworks */,
				45FC1CD01927C90200694056 /* AudioToolbox.framework in Frameworks */,
				45FC1C6B1925251900694056 /* CoreGraphics.framework in Frameworks */,
				45FC1C6D1925251900694056 /* UIKit.framework in Frameworks */,
				45FC1C691925251900694056 /* Foundation.framework in Frameworks */,
			);
			runOnlyForDeploymentPostprocessing = 0;
		};
		45FC1C861925251900694056 /* Frameworks */ = {
			isa = PBXFrameworksBuildPhase;
			buildActionMask = 2147483647;
			files = (
				45FC1C8B1925251900694056 /* XCTest.framework in Frameworks */,
				45FC1C8D1925251900694056 /* UIKit.framework in Frameworks */,
				45FC1C8C1925251900694056 /* Foundation.framework in Frameworks */,
			);
			runOnlyForDeploymentPostprocessing = 0;
		};
/* End PBXFrameworksBuildPhase section */

/* Begin PBXGroup section */
		45A937A91939691C00F2C4C4 /* FXBlurView */ = {
			isa = PBXGroup;
			children = (
				45A937AA1939692E00F2C4C4 /* FXBlurView.h */,
				45A937AB1939692E00F2C4C4 /* FXBlurView.m */,
			);
			name = FXBlurView;
			sourceTree = "<group>";
		};
		45D10090192887D7006A1F12 /* HTAutocomplete */ = {
			isa = PBXGroup;
			children = (
				45D10091192887E1006A1F12 /* HTAutocompleteManager.h */,
				45D10092192887E1006A1F12 /* HTAutocompleteManager.m */,
				45D10093192887E1006A1F12 /* HTAutocompleteTextField.h */,
				45D10094192887E1006A1F12 /* HTAutocompleteTextField.m */,
			);
			name = HTAutocomplete;
			sourceTree = "<group>";
		};
		45D1FF0C192809DF006A1F12 /* Util */ = {
			isa = PBXGroup;
			children = (
				45D1FF161928165F006A1F12 /* NSString+util.h */,
				45D1FF171928165F006A1F12 /* NSString+util.m */,
				45D1FF0D192809FC006A1F12 /* TTQueue.h */,
				45D1FF0E192809FC006A1F12 /* TTQueue.m */,
				45D1FF1019280B4E006A1F12 /* TTFifo.h */,
				45D1FF1119280B4E006A1F12 /* TTFifo.m */,
			);
			name = Util;
			sourceTree = "<group>";
		};
		45FC1C5C1925251900694056 = {
			isa = PBXGroup;
			children = (
				45FC1C6E1925251900694056 /* kiku */,
				45FC1C901925251900694056 /* kikuTests */,
				45FC1C671925251900694056 /* Frameworks */,
				45FC1C661925251900694056 /* Products */,
			);
			sourceTree = "<group>";
		};
		45FC1C661925251900694056 /* Products */ = {
			isa = PBXGroup;
			children = (
				45FC1C651925251900694056 /* kiku.app */,
				45FC1C891925251900694056 /* kikuTests.xctest */,
			);
			name = Products;
			sourceTree = "<group>";
		};
		45FC1C671925251900694056 /* Frameworks */ = {
			isa = PBXGroup;
			children = (
				45D1FF061927DFAA006A1F12 /* MediaPlayer.framework */,
				45A8B4411927D20800013B83 /* libsqlite3.0.dylib */,
				45FC1CD51927C96F00694056 /* AVFoundation.framework */,
				45FC1CCF1927C90200694056 /* AudioToolbox.framework */,
				45FC1C681925251900694056 /* Foundation.framework */,
				45FC1C6A1925251900694056 /* CoreGraphics.framework */,
				45FC1C6C1925251900694056 /* UIKit.framework */,
				45FC1C8A1925251900694056 /* XCTest.framework */,
			);
			name = Frameworks;
			sourceTree = "<group>";
		};
		45FC1C6E1925251900694056 /* kiku */ = {
			isa = PBXGroup;
			children = (
				45FD1C1A19321FC2005AA91F /* View */,
				45D1FF0C192809DF006A1F12 /* Util */,
				45FC1CD11927C91200694056 /* Audio */,
				45FC1CCD1927C2FE00694056 /* macro */,
				45FC1CC519252AAA00694056 /* Data */,
				45FC1CC1192525C800694056 /* Comm */,
				45FC1CA01925255100694056 /* OSS */,
				45FC1C771925251900694056 /* TTAppDelegate.h */,
				45FC1C781925251900694056 /* TTAppDelegate.m */,
				45FC1C7A1925251900694056 /* Main_iPhone.storyboard */,
				45FC1C7D1925251900694056 /* Main_iPad.storyboard */,
				45FC1C801925251900694056 /* TTViewController.h */,
				45FC1C811925251900694056 /* TTViewController.m */,
				45FC1C831925251900694056 /* Images.xcassets */,
				45FC1C6F1925251900694056 /* Supporting Files */,
			);
			path = kiku;
			sourceTree = "<group>";
		};
		45FC1C6F1925251900694056 /* Supporting Files */ = {
			isa = PBXGroup;
			children = (
				45FD1C2919322CAE005AA91F /* resource */,
				45FC1C701925251900694056 /* kiku-Info.plist */,
				45FC1C711925251900694056 /* InfoPlist.strings */,
				45FC1C741925251900694056 /* main.m */,
				45FC1C761925251900694056 /* kiku-Prefix.pch */,
			);
			name = "Supporting Files";
			sourceTree = "<group>";
		};
		45FC1C901925251900694056 /* kikuTests */ = {
			isa = PBXGroup;
			children = (
				45FC1C961925251900694056 /* kikuTests.m */,
				45FC1C911925251900694056 /* Supporting Files */,
			);
			path = kikuTests;
			sourceTree = "<group>";
		};
		45FC1C911925251900694056 /* Supporting Files */ = {
			isa = PBXGroup;
			children = (
				45FC1C921925251900694056 /* kikuTests-Info.plist */,
				45FC1C931925251900694056 /* InfoPlist.strings */,
			);
			name = "Supporting Files";
			sourceTree = "<group>";
		};
		45FC1CA01925255100694056 /* OSS */ = {
			isa = PBXGroup;
			children = (
				45A937A91939691C00F2C4C4 /* FXBlurView */,
				45D10090192887D7006A1F12 /* HTAutocomplete */,
				45FC1CA11925255E00694056 /* AFNetworking */,
			);
			name = OSS;
			sourceTree = "<group>";
		};
		45FC1CA11925255E00694056 /* AFNetworking */ = {
			isa = PBXGroup;
			children = (
				45FC1CA21925256D00694056 /* AFHTTPClient.h */,
				45FC1CA31925256D00694056 /* AFHTTPClient.m */,
				45FC1CA41925256D00694056 /* AFHTTPRequestOperation.h */,
				45FC1CA51925256D00694056 /* AFHTTPRequestOperation.m */,
				45FC1CA61925256D00694056 /* AFImageRequestOperation.h */,
				45FC1CA71925256D00694056 /* AFImageRequestOperation.m */,
				45FC1CA81925256D00694056 /* AFJSONRequestOperation.h */,
				45FC1CA91925256D00694056 /* AFJSONRequestOperation.m */,
				45FC1CAA1925256D00694056 /* AFJSONUtilities.h */,
				45FC1CAB1925256D00694056 /* AFJSONUtilities.m */,
				45FC1CAC1925256D00694056 /* AFNetworkActivityIndicatorManager.h */,
				45FC1CAD1925256D00694056 /* AFNetworkActivityIndicatorManager.m */,
				45FC1CAE1925256D00694056 /* AFNetworking.h */,
				45FC1CAF1925256D00694056 /* AFPropertyListRequestOperation.h */,
				45FC1CB01925256D00694056 /* AFPropertyListRequestOperation.m */,
				45FC1CB11925256D00694056 /* AFURLConnectionOperation.h */,
				45FC1CB21925256D00694056 /* AFURLConnectionOperation.m */,
				45FC1CB31925256D00694056 /* AFXMLRequestOperation.h */,
				45FC1CB41925256D00694056 /* AFXMLRequestOperation.m */,
				45FC1CB51925256D00694056 /* UIImageView+AFNetworking.h */,
				45FC1CB61925256D00694056 /* UIImageView+AFNetworking.m */,
			);
			name = AFNetworking;
			sourceTree = "<group>";
		};
		45FC1CC1192525C800694056 /* Comm */ = {
			isa = PBXGroup;
			children = (
				45A937A81937A7EE00F2C4C4 /* CommConstants.h */,
				45FC1CCA19252BD500694056 /* TTSongData.m */,
				45D1FF1319281639006A1F12 /* RMImageCachePool.h */,
				45D1FF1419281639006A1F12 /* RMImageCachePool.m */,
				45FC1CC2192525E700694056 /* TTCommunicationEngine.h */,
				45FC1CC3192525E700694056 /* TTCommunicationEngine.m */,
				45FC1CCC1927B41000694056 /* Endpoints.h */,
			);
			name = Comm;
			sourceTree = "<group>";
		};
		45FC1CC519252AAA00694056 /* Data */ = {
			isa = PBXGroup;
			children = (
				45D1009A1928892D006A1F12 /* TTMasterData.h */,
				45D1009B1928892D006A1F12 /* TTMasterData.m */,
				45A8B43E1927D1FC00013B83 /* RMSQLite3.h */,
				45A8B43F1927D1FC00013B83 /* RMSQLite3.m */,
				45FC1CC619252AC800694056 /* TTData.h */,
				45FC1CC719252AC800694056 /* TTData.m */,
				45FC1CC919252BD500694056 /* TTSongData.h */,
				45A8B43B1927D14800013B83 /* TTUserData.h */,
				45A8B43C1927D14800013B83 /* TTUserData.m */,
			);
			name = Data;
			sourceTree = "<group>";
		};
		45FC1CCD1927C2FE00694056 /* macro */ = {
			isa = PBXGroup;
			children = (
				45FC1CCE1927C30D00694056 /* Macro.h */,
			);
			name = macro;
			sourceTree = "<group>";
		};
		45FC1CD11927C91200694056 /* Audio */ = {
			isa = PBXGroup;
			children = (
				45FC1CD21927C93800694056 /* TTAudioEngine.h */,
				45FC1CD31927C93800694056 /* TTAudioEngine.m */,
			);
			name = Audio;
			sourceTree = "<group>";
		};
		45FD1C1A19321FC2005AA91F /* View */ = {
			isa = PBXGroup;
			children = (
				45FD1C4119324D55005AA91F /* Loading */,
				45FD1C2119322087005AA91F /* TTViewConstants.h */,
				45FD1C2819322C6C005AA91F /* TTResourceName.h */,
				45FD1C221932255E005AA91F /* TTButton.h */,
				45FD1C231932255E005AA91F /* TTButton.m */,
				45FD1C1E19322024005AA91F /* TTViewBase.h */,
				45FD1C1F19322024005AA91F /* TTViewBase.m */,
				45A937A21936482300F2C4C4 /* TTShadowView.h */,
				45A937A31936482300F2C4C4 /* TTShadowView.m */,
				45FD1C1B1932201A005AA91F /* TTHeaderView.h */,
				45FD1C1C1932201A005AA91F /* TTHeaderView.m */,
				45FD1C3E193241CB005AA91F /* TTListContentView.h */,
				45FD1C3F193241CB005AA91F /* TTListContentView.m */,
				45A9379F19363D7600F2C4C4 /* TTScrollView.h */,
				45A937A019363D7600F2C4C4 /* TTScrollView.m */,
				45FD1C2519322609005AA91F /* TTMainView.h */,
				45FD1C2619322609005AA91F /* TTMainView.m */,
				45A937A519379F0300F2C4C4 /* TTToolbar.h */,
				45A937A619379F0300F2C4C4 /* TTToolbar.m */,
				45A937B31948B4EB00F2C4C4 /* TTTableViewController.h */,
				45A937B41948B4EB00F2C4C4 /* TTTableViewController.m */,
				45A937B61948B64F00F2C4C4 /* TTTableViewCell.h */,
				45A937B71948B64F00F2C4C4 /* TTTableViewCell.m */,
			);
			name = View;
			sourceTree = "<group>";
		};
		45FD1C2919322CAE005AA91F /* resource */ = {
			isa = PBXGroup;
			children = (
				45FD1C2A19322CAE005AA91F /* image */,
			);
			path = resource;
			sourceTree = "<group>";
		};
		45FD1C2A19322CAE005AA91F /* image */ = {
			isa = PBXGroup;
			children = (
				45FD1C2B19322CAE005AA91F /* common */,
				45FD1C3419322CAE005AA91F /* list */,
			);
			path = image;
			sourceTree = "<group>";
		};
		45FD1C2B19322CAE005AA91F /* common */ = {
			isa = PBXGroup;
			children = (
				45FD1C2C19322CAE005AA91F /* header_searchBox.png */,
				45FD1C2D19322CAE005AA91F /* header_searchCancel.png */,
				45FD1C2E19322CAE005AA91F /* header_searchIcon.png */,
				45FD1C2F19322CAE005AA91F /* header_sliderBtn.png */,
				45FD1C3019322CAE005AA91F /* list_arrow.png */,
				45FD1C3119322CAE005AA91F /* toolbarBtn01.png */,
				45FD1C3219322CAE005AA91F /* toolbarBtn02.png */,
				45FD1C3319322CAE005AA91F /* toolbarBtn03.png */,
			);
			path = common;
			sourceTree = "<group>";
		};
		45FD1C3419322CAE005AA91F /* list */ = {
			isa = PBXGroup;
			children = (
				45FD1C3519322CAE005AA91F /* loading2 */,
			);
			path = list;
			sourceTree = "<group>";
		};
		45FD1C3519322CAE005AA91F /* loading2 */ = {
			isa = PBXGroup;
			children = (
			);
			path = loading2;
			sourceTree = "<group>";
		};
		45FD1C4119324D55005AA91F /* Loading */ = {
			isa = PBXGroup;
			children = (
				45FD1C4219324D62005AA91F /* RMLoadingAnimation.h */,
				45FD1C4319324D62005AA91F /* RMLoadingAnimation.m */,
				45FD1C4419324D62005AA91F /* RMLoadingAnimation2.h */,
				45FD1C4519324D62005AA91F /* RMLoadingAnimation2.m */,
				45FD1C4619324D62005AA91F /* RMLoadingCommon.h */,
				45FD1C4719324D62005AA91F /* RMLoadingCommon.m */,
				45FD1C4819324D62005AA91F /* RMRefreshLoadingAnimation.h */,
				45FD1C4919324D62005AA91F /* RMRefreshLoadingAnimation.m */,
			);
			name = Loading;
			sourceTree = "<group>";
		};
/* End PBXGroup section */

/* Begin PBXNativeTarget section */
		45FC1C641925251900694056 /* kiku */ = {
			isa = PBXNativeTarget;
			buildConfigurationList = 45FC1C9A1925251900694056 /* Build configuration list for PBXNativeTarget "kiku" */;
			buildPhases = (
				45FC1C611925251900694056 /* Sources */,
				45FC1C621925251900694056 /* Frameworks */,
				45FC1C631925251900694056 /* Resources */,
			);
			buildRules = (
			);
			dependencies = (
			);
			name = kiku;
			productName = kiku;
			productReference = 45FC1C651925251900694056 /* kiku.app */;
			productType = "com.apple.product-type.application";
		};
		45FC1C881925251900694056 /* kikuTests */ = {
			isa = PBXNativeTarget;
			buildConfigurationList = 45FC1C9D1925251900694056 /* Build configuration list for PBXNativeTarget "kikuTests" */;
			buildPhases = (
				45FC1C851925251900694056 /* Sources */,
				45FC1C861925251900694056 /* Frameworks */,
				45FC1C871925251900694056 /* Resources */,
			);
			buildRules = (
			);
			dependencies = (
				45FC1C8F1925251900694056 /* PBXTargetDependency */,
			);
			name = kikuTests;
			productName = kikuTests;
			productReference = 45FC1C891925251900694056 /* kikuTests.xctest */;
			productType = "com.apple.product-type.bundle.unit-test";
		};
/* End PBXNativeTarget section */

/* Begin PBXProject section */
		45FC1C5D1925251900694056 /* Project object */ = {
			isa = PBXProject;
			attributes = {
				CLASSPREFIX = TT;
				LastUpgradeCheck = 0510;
				ORGANIZATIONNAME = TsuzukiTomoaki;
				TargetAttributes = {
					45FC1C881925251900694056 = {
						TestTargetID = 45FC1C641925251900694056;
					};
				};
			};
			buildConfigurationList = 45FC1C601925251900694056 /* Build configuration list for PBXProject "kiku" */;
			compatibilityVersion = "Xcode 3.2";
			developmentRegion = English;
			hasScannedForEncodings = 0;
			knownRegions = (
				en,
				Base,
			);
			mainGroup = 45FC1C5C1925251900694056;
			productRefGroup = 45FC1C661925251900694056 /* Products */;
			projectDirPath = "";
			projectRoot = "";
			targets = (
				45FC1C641925251900694056 /* kiku */,
				45FC1C881925251900694056 /* kikuTests */,
			);
		};
/* End PBXProject section */

/* Begin PBXResourcesBuildPhase section */
		45FC1C631925251900694056 /* Resources */ = {
			isa = PBXResourcesBuildPhase;
			buildActionMask = 2147483647;
			files = (
				45FD1C3A19322CAE005AA91F /* list_arrow.png in Resources */,
				45FD1C3719322CAE005AA91F /* header_searchCancel.png in Resources */,
				45FC1C7F1925251900694056 /* Main_iPad.storyboard in Resources */,
				45FD1C3819322CAE005AA91F /* header_searchIcon.png in Resources */,
				45FC1C841925251900694056 /* Images.xcassets in Resources */,
				45FD1C3D19322CAE005AA91F /* toolbarBtn03.png in Resources */,
				45FC1C7C1925251900694056 /* Main_iPhone.storyboard in Resources */,
				45FC1C731925251900694056 /* InfoPlist.strings in Resources */,
				45FD1C3B19322CAE005AA91F /* toolbarBtn01.png in Resources */,
				45FD1C3919322CAE005AA91F /* header_sliderBtn.png in Resources */,
				45FD1C3619322CAE005AA91F /* header_searchBox.png in Resources */,
				45FD1C3C19322CAE005AA91F /* toolbarBtn02.png in Resources */,
			);
			runOnlyForDeploymentPostprocessing = 0;
		};
		45FC1C871925251900694056 /* Resources */ = {
			isa = PBXResourcesBuildPhase;
			buildActionMask = 2147483647;
			files = (
				45FC1C951925251900694056 /* InfoPlist.strings in Resources */,
			);
			runOnlyForDeploymentPostprocessing = 0;
		};
/* End PBXResourcesBuildPhase section */

/* Begin PBXSourcesBuildPhase section */
		45FC1C611925251900694056 /* Sources */ = {
			isa = PBXSourcesBuildPhase;
			buildActionMask = 2147483647;
			files = (
				45FC1CD41927C93800694056 /* TTAudioEngine.m in Sources */,
				45FC1CBE1925256D00694056 /* AFURLConnectionOperation.m in Sources */,
				45FC1CC01925256D00694056 /* UIImageView+AFNetworking.m in Sources */,
				45FC1CB91925256D00694056 /* AFImageRequestOperation.m in Sources */,
				45D1FF181928165F006A1F12 /* NSString+util.m in Sources */,
				45FC1CC819252AC800694056 /* TTData.m in Sources */,
				45FC1CBB1925256D00694056 /* AFJSONUtilities.m in Sources */,
				45A8B43D1927D14800013B83 /* TTUserData.m in Sources */,
				45D1FF1519281639006A1F12 /* RMImageCachePool.m in Sources */,
				45FD1C2019322024005AA91F /* TTViewBase.m in Sources */,
				45D10098192887E1006A1F12 /* HTAutocompleteTextField.m in Sources */,
				45FD1C1D1932201A005AA91F /* TTHeaderView.m in Sources */,
				45FD1C4C19324D62005AA91F /* RMLoadingCommon.m in Sources */,
				45FD1C4A19324D62005AA91F /* RMLoadingAnimation.m in Sources */,
				45FC1C791925251900694056 /* TTAppDelegate.m in Sources */,
				45A937A119363D7600F2C4C4 /* TTScrollView.m in Sources */,
				45FC1CCB19252BD500694056 /* TTSongData.m in Sources */,
				45FD1C241932255E005AA91F /* TTButton.m in Sources */,
				45FD1C2719322609005AA91F /* TTMainView.m in Sources */,
				45FC1CBF1925256D00694056 /* AFXMLRequestOperation.m in Sources */,
				45FC1C751925251900694056 /* main.m in Sources */,
				45FC1CBA1925256D00694056 /* AFJSONRequestOperation.m in Sources */,
				45FD1C4D19324D62005AA91F /* RMRefreshLoadingAnimation.m in Sources */,
				45D1009C1928892D006A1F12 /* TTMasterData.m in Sources */,
				45FD1C40193241CB005AA91F /* TTListContentView.m in Sources */,
				45A937B81948B64F00F2C4C4 /* TTTableViewCell.m in Sources */,
				45FC1CB81925256D00694056 /* AFHTTPRequestOperation.m in Sources */,
				45D1FF0F192809FC006A1F12 /* TTQueue.m in Sources */,
				45D1FF1219280B4E006A1F12 /* TTFifo.m in Sources */,
				45FC1C821925251900694056 /* TTViewController.m in Sources */,
				45A937AC1939692E00F2C4C4 /* FXBlurView.m in Sources */,
				45FC1CB71925256D00694056 /* AFHTTPClient.m in Sources */,
				45D10097192887E1006A1F12 /* HTAutocompleteManager.m in Sources */,
				45FC1CBD1925256D00694056 /* AFPropertyListRequestOperation.m in Sources */,
				45A937B51948B4EB00F2C4C4 /* TTTableViewController.m in Sources */,
				45A937A41936482300F2C4C4 /* TTShadowView.m in Sources */,
				45FC1CC4192525E700694056 /* TTCommunicationEngine.m in Sources */,
				45FC1CBC1925256D00694056 /* AFNetworkActivityIndicatorManager.m in Sources */,
				45A8B4401927D1FC00013B83 /* RMSQLite3.m in Sources */,
				45FD1C4B19324D62005AA91F /* RMLoadingAnimation2.m in Sources */,
				45A937A719379F0300F2C4C4 /* TTToolbar.m in Sources */,
			);
			runOnlyForDeploymentPostprocessing = 0;
		};
		45FC1C851925251900694056 /* Sources */ = {
			isa = PBXSourcesBuildPhase;
			buildActionMask = 2147483647;
			files = (
				45FC1C971925251900694056 /* kikuTests.m in Sources */,
			);
			runOnlyForDeploymentPostprocessing = 0;
		};
/* End PBXSourcesBuildPhase section */

/* Begin PBXTargetDependency section */
		45FC1C8F1925251900694056 /* PBXTargetDependency */ = {
			isa = PBXTargetDependency;
			target = 45FC1C641925251900694056 /* kiku */;
			targetProxy = 45FC1C8E1925251900694056 /* PBXContainerItemProxy */;
		};
/* End PBXTargetDependency section */

/* Begin PBXVariantGroup section */
		45FC1C711925251900694056 /* InfoPlist.strings */ = {
			isa = PBXVariantGroup;
			children = (
				45FC1C721925251900694056 /* en */,
			);
			name = InfoPlist.strings;
			sourceTree = "<group>";
		};
		45FC1C7A1925251900694056 /* Main_iPhone.storyboard */ = {
			isa = PBXVariantGroup;
			children = (
				45FC1C7B1925251900694056 /* Base */,
			);
			name = Main_iPhone.storyboard;
			sourceTree = "<group>";
		};
		45FC1C7D1925251900694056 /* Main_iPad.storyboard */ = {
			isa = PBXVariantGroup;
			children = (
				45FC1C7E1925251900694056 /* Base */,
			);
			name = Main_iPad.storyboard;
			sourceTree = "<group>";
		};
		45FC1C931925251900694056 /* InfoPlist.strings */ = {
			isa = PBXVariantGroup;
			children = (
				45FC1C941925251900694056 /* en */,
			);
			name = InfoPlist.strings;
			sourceTree = "<group>";
		};
/* End PBXVariantGroup section */

/* Begin XCBuildConfiguration section */
		45FC1C981925251900694056 /* Debug */ = {
			isa = XCBuildConfiguration;
			buildSettings = {
				ALWAYS_SEARCH_USER_PATHS = NO;
				CLANG_CXX_LANGUAGE_STANDARD = "gnu++0x";
				CLANG_CXX_LIBRARY = "libc++";
				CLANG_ENABLE_MODULES = YES;
				CLANG_ENABLE_OBJC_ARC = YES;
				CLANG_WARN_BOOL_CONVERSION = YES;
				CLANG_WARN_CONSTANT_CONVERSION = YES;
				CLANG_WARN_DIRECT_OBJC_ISA_USAGE = YES_ERROR;
				CLANG_WARN_EMPTY_BODY = YES;
				CLANG_WARN_ENUM_CONVERSION = YES;
				CLANG_WARN_INT_CONVERSION = YES;
				CLANG_WARN_OBJC_ROOT_CLASS = YES_ERROR;
				CLANG_WARN__DUPLICATE_METHOD_MATCH = YES;
				"CODE_SIGN_IDENTITY[sdk=iphoneos*]" = "iPhone Developer";
				COPY_PHASE_STRIP = NO;
				GCC_C_LANGUAGE_STANDARD = gnu99;
				GCC_DYNAMIC_NO_PIC = NO;
				GCC_OPTIMIZATION_LEVEL = 0;
				GCC_PREPROCESSOR_DEFINITIONS = (
					"DEBUG=1",
					"$(inherited)",
				);
				GCC_SYMBOLS_PRIVATE_EXTERN = NO;
				GCC_WARN_64_TO_32_BIT_CONVERSION = YES;
				GCC_WARN_ABOUT_RETURN_TYPE = YES_ERROR;
				GCC_WARN_UNDECLARED_SELECTOR = YES;
				GCC_WARN_UNINITIALIZED_AUTOS = YES_AGGRESSIVE;
				GCC_WARN_UNUSED_FUNCTION = YES;
				GCC_WARN_UNUSED_VARIABLE = YES;
				IPHONEOS_DEPLOYMENT_TARGET = 7.1;
				ONLY_ACTIVE_ARCH = YES;
				SDKROOT = iphoneos;
				TARGETED_DEVICE_FAMILY = "1,2";
			};
			name = Debug;
		};
		45FC1C991925251900694056 /* Release */ = {
			isa = XCBuildConfiguration;
			buildSettings = {
				ALWAYS_SEARCH_USER_PATHS = NO;
				CLANG_CXX_LANGUAGE_STANDARD = "gnu++0x";
				CLANG_CXX_LIBRARY = "libc++";
				CLANG_ENABLE_MODULES = YES;
				CLANG_ENABLE_OBJC_ARC = YES;
				CLANG_WARN_BOOL_CONVERSION = YES;
				CLANG_WARN_CONSTANT_CONVERSION = YES;
				CLANG_WARN_DIRECT_OBJC_ISA_USAGE = YES_ERROR;
				CLANG_WARN_EMPTY_BODY = YES;
				CLANG_WARN_ENUM_CONVERSION = YES;
				CLANG_WARN_INT_CONVERSION = YES;
				CLANG_WARN_OBJC_ROOT_CLASS = YES_ERROR;
				CLANG_WARN__DUPLICATE_METHOD_MATCH = YES;
				"CODE_SIGN_IDENTITY[sdk=iphoneos*]" = "iPhone Developer";
				COPY_PHASE_STRIP = YES;
				ENABLE_NS_ASSERTIONS = NO;
				GCC_C_LANGUAGE_STANDARD = gnu99;
				GCC_WARN_64_TO_32_BIT_CONVERSION = YES;
				GCC_WARN_ABOUT_RETURN_TYPE = YES_ERROR;
				GCC_WARN_UNDECLARED_SELECTOR = YES;
				GCC_WARN_UNINITIALIZED_AUTOS = YES_AGGRESSIVE;
				GCC_WARN_UNUSED_FUNCTION = YES;
				GCC_WARN_UNUSED_VARIABLE = YES;
				IPHONEOS_DEPLOYMENT_TARGET = 7.1;
				SDKROOT = iphoneos;
				TARGETED_DEVICE_FAMILY = "1,2";
				VALIDATE_PRODUCT = YES;
			};
			name = Release;
		};
		45FC1C9B1925251900694056 /* Debug */ = {
			isa = XCBuildConfiguration;
			buildSettings = {
				ASSETCATALOG_COMPILER_APPICON_NAME = AppIcon;
				ASSETCATALOG_COMPILER_LAUNCHIMAGE_NAME = LaunchImage;
				GCC_PRECOMPILE_PREFIX_HEADER = YES;
				GCC_PREFIX_HEADER = "kiku/kiku-Prefix.pch";
				INFOPLIST_FILE = "kiku/kiku-Info.plist";
				PRODUCT_NAME = "$(TARGET_NAME)";
				WRAPPER_EXTENSION = app;
			};
			name = Debug;
		};
		45FC1C9C1925251900694056 /* Release */ = {
			isa = XCBuildConfiguration;
			buildSettings = {
				ASSETCATALOG_COMPILER_APPICON_NAME = AppIcon;
				ASSETCATALOG_COMPILER_LAUNCHIMAGE_NAME = LaunchImage;
				GCC_PRECOMPILE_PREFIX_HEADER = YES;
				GCC_PREFIX_HEADER = "kiku/kiku-Prefix.pch";
				INFOPLIST_FILE = "kiku/kiku-Info.plist";
				PRODUCT_NAME = "$(TARGET_NAME)";
				WRAPPER_EXTENSION = app;
			};
			name = Release;
		};
		45FC1C9E1925251900694056 /* Debug */ = {
			isa = XCBuildConfiguration;
			buildSettings = {
				BUNDLE_LOADER = "$(BUILT_PRODUCTS_DIR)/kiku.app/kiku";
				FRAMEWORK_SEARCH_PATHS = (
					"$(SDKROOT)/Developer/Library/Frameworks",
					"$(inherited)",
					"$(DEVELOPER_FRAMEWORKS_DIR)",
				);
				GCC_PRECOMPILE_PREFIX_HEADER = YES;
				GCC_PREFIX_HEADER = "kiku/kiku-Prefix.pch";
				GCC_PREPROCESSOR_DEFINITIONS = (
					"DEBUG=1",
					"$(inherited)",
				);
				INFOPLIST_FILE = "kikuTests/kikuTests-Info.plist";
				PRODUCT_NAME = "$(TARGET_NAME)";
				TEST_HOST = "$(BUNDLE_LOADER)";
				WRAPPER_EXTENSION = xctest;
			};
			name = Debug;
		};
		45FC1C9F1925251900694056 /* Release */ = {
			isa = XCBuildConfiguration;
			buildSettings = {
				BUNDLE_LOADER = "$(BUILT_PRODUCTS_DIR)/kiku.app/kiku";
				FRAMEWORK_SEARCH_PATHS = (
					"$(SDKROOT)/Developer/Library/Frameworks",
					"$(inherited)",
					"$(DEVELOPER_FRAMEWORKS_DIR)",
				);
				GCC_PRECOMPILE_PREFIX_HEADER = YES;
				GCC_PREFIX_HEADER = "kiku/kiku-Prefix.pch";
				INFOPLIST_FILE = "kikuTests/kikuTests-Info.plist";
				PRODUCT_NAME = "$(TARGET_NAME)";
				TEST_HOST = "$(BUNDLE_LOADER)";
				WRAPPER_EXTENSION = xctest;
			};
			name = Release;
		};
/* End XCBuildConfiguration section */

/* Begin XCConfigurationList section */
		45FC1C601925251900694056 /* Build configuration list for PBXProject "kiku" */ = {
			isa = XCConfigurationList;
			buildConfigurations = (
				45FC1C981925251900694056 /* Debug */,
				45FC1C991925251900694056 /* Release */,
			);
			defaultConfigurationIsVisible = 0;
			defaultConfigurationName = Release;
		};
		45FC1C9A1925251900694056 /* Build configuration list for PBXNativeTarget "kiku" */ = {
			isa = XCConfigurationList;
			buildConfigurations = (
				45FC1C9B1925251900694056 /* Debug */,
				45FC1C9C1925251900694056 /* Release */,
			);
			defaultConfigurationIsVisible = 0;
			defaultConfigurationName = Release;
		};
		45FC1C9D1925251900694056 /* Build configuration list for PBXNativeTarget "kikuTests" */ = {
			isa = XCConfigurationList;
			buildConfigurations = (
				45FC1C9E1925251900694056 /* Debug */,
				45FC1C9F1925251900694056 /* Release */,
			);
			defaultConfigurationIsVisible = 0;
			defaultConfigurationName = Release;
		};
/* End XCConfigurationList section */
	};
	rootObject = 45FC1C5D1925251900694056 /* Project object */;
}
